
Microsoft Visual Studio Solution File, Format Version 12.00
# Visual Studio Version 17
VisualStudioVersion = 17.5.2.0
MinimumVisualStudioVersion = 10.0.40219.1
Project("{FAE04EC0-301F-11D3-BF4B-00C04F79EFBC}") = "StockTrader", "StockTrader.csproj", "{50F69B5D-B79F-7FBA-10BC-94CA82A81211}"
EndProject
Project("{2150E333-8FDC-42A3-9474-1A3956D46DE8}") = "tests", "tests", "{0AB3BF05-4346-4AA6-1389-037BE0695223}"
EndProject
Project("{FAE04EC0-301F-11D3-BF4B-00C04F79EFBC}") = "StockTrader.Tests", "tests\StockTrader.Tests\StockTrader.Tests.csproj", "{20141746-F379-41E1-A637-17FB7ED62D05}"
EndProject
Project("{2150E333-8FDC-42A3-9474-1A3956D46DE8}") = "src", "src", "{827E0CD3-B72D-47B6-A68D-7590B98EB39B}"
EndProject
Project("{FAE04EC0-301F-11D3-BF4B-00C04F79EFBC}") = "StockTrader.ServiceContracts", "src\StockTrader.ServiceContracts\StockTrader.ServiceContracts.csproj", "{8C6552EA-A6D5-4F70-8944-993858B8B3EA}"
EndProject
Project("{2150E333-8FDC-42A3-9474-1A3956D46DE8}") = "workers", "workers", "{20543853-AF10-B830-2A3D-9FE9F6ECBF6C}"
EndProject
Project("{2150E333-8FDC-42A3-9474-1A3956D46DE8}") = "optimization-worker", "optimization-worker", "{E39421DA-44C2-13E5-7DDD-32063DD082F8}"
EndProject
Project("{F2A71F9B-5D33-465A-A702-920D77279786}") = "StockTrader.OptimizationWorker", "workers\optimization-worker\StockTrader.OptimizationWorker.fsproj", "{34B5461E-1CFC-4A3E-902B-8C274F6854B6}"
EndProject
Project("{FAE04EC0-301F-11D3-BF4B-00C04F79EFBC}") = "StockTrader.Engine", "src\StockTrader.Engine\StockTrader.Engine.csproj", "{58DF0726-8347-4644-BD46-574EEA22A5DA}"
EndProject
Project("{FAE04EC0-301F-11D3-BF4B-00C04F79EFBC}") = "StockTrader.OptimizationProtocol", "src\StockTrader.OptimizationProtocol\StockTrader.OptimizationProtocol.csproj", "{8B74CCCB-1882-40B7-8B79-7A14F9324018}"
EndProject
Project("{2150E333-8FDC-42A3-9474-1A3956D46DE8}") = "trading-core-service", "trading-core-service", "{7BA52CC6-9A48-1F0F-BF45-FCB96838B203}"
EndProject
Project("{F2A71F9B-5D33-465A-A702-920D77279786}") = "StockTrader.TradingCoreService", "workers\trading-core-service\StockTrader.TradingCoreService.fsproj", "{C1B83D97-7DFD-416E-A567-15DFFED037DD}"
EndProject
Project("{FAE04EC0-301F-11D3-BF4B-00C04F79EFBC}") = "StockTrader.TradingCore", "src\StockTrader.TradingCore\StockTrader.TradingCore.csproj", "{BD6F21DC-A3BD-43D7-8385-6EE0C51C49AB}"
EndProject
Project("{FAE04EC0-301F-11D3-BF4B-00C04F79EFBC}") = "StockTrader.TradingCore.BrokerPorts", "src\StockTrader.TradingCore.BrokerPorts\StockTrader.TradingCore.BrokerPorts.csproj", "{9DDA5242-57ED-446D-9708-F19600333620}"
EndProject
Project("{FAE04EC0-301F-11D3-BF4B-00C04F79EFBC}") = "StockTrader.TradingCore.AlpacaAdapter", "src\StockTrader.TradingCore.AlpacaAdapter\StockTrader.TradingCore.AlpacaAdapter.csproj", "{5121488C-C6F1-42B0-A328-D6006A9DADE4}"
EndProject
Project("{F2A71F9B-5D33-465A-A702-920D77279786}") = "StockTrader.TradingCore.Runtime", "workers\trading-core-runtime\StockTrader.TradingCore.Runtime.fsproj", "{6F754B6A-66B3-4212-B5D0-3F2231EB0548}"
EndProject
Global
	GlobalSection(SolutionConfigurationPlatforms) = preSolution
		Debug|Any CPU = Debug|Any CPU
		Debug|x64 = Debug|x64
		Debug|x86 = Debug|x86
		Release|Any CPU = Release|Any CPU
		Release|x64 = Release|x64
		Release|x86 = Release|x86
	EndGlobalSection
	GlobalSection(ProjectConfigurationPlatforms) = postSolution
		{50F69B5D-B79F-7FBA-10BC-94CA82A81211}.Debug|Any CPU.ActiveCfg = Debug|Any CPU
		{50F69B5D-B79F-7FBA-10BC-94CA82A81211}.Debug|Any CPU.Build.0 = Debug|Any CPU
		{50F69B5D-B79F-7FBA-10BC-94CA82A81211}.Debug|x64.ActiveCfg = Debug|Any CPU
		{50F69B5D-B79F-7FBA-10BC-94CA82A81211}.Debug|x64.Build.0 = Debug|Any CPU
		{50F69B5D-B79F-7FBA-10BC-94CA82A81211}.Debug|x86.ActiveCfg = Debug|Any CPU
		{50F69B5D-B79F-7FBA-10BC-94CA82A81211}.Debug|x86.Build.0 = Debug|Any CPU
		{50F69B5D-B79F-7FBA-10BC-94CA82A81211}.Release|Any CPU.ActiveCfg = Release|Any CPU
		{50F69B5D-B79F-7FBA-10BC-94CA82A81211}.Release|Any CPU.Build.0 = Release|Any CPU
		{50F69B5D-B79F-7FBA-10BC-94CA82A81211}.Release|x64.ActiveCfg = Release|Any CPU
		{50F69B5D-B79F-7FBA-10BC-94CA82A81211}.Release|x64.Build.0 = Release|Any CPU
		{50F69B5D-B79F-7FBA-10BC-94CA82A81211}.Release|x86.ActiveCfg = Release|Any CPU
		{50F69B5D-B79F-7FBA-10BC-94CA82A81211}.Release|x86.Build.0 = Release|Any CPU
		{20141746-F379-41E1-A637-17FB7ED62D05}.Debug|Any CPU.ActiveCfg = Debug|Any CPU
		{20141746-F379-41E1-A637-17FB7ED62D05}.Debug|Any CPU.Build.0 = Debug|Any CPU
		{20141746-F379-41E1-A637-17FB7ED62D05}.Debug|x64.ActiveCfg = Debug|Any CPU
		{20141746-F379-41E1-A637-17FB7ED62D05}.Debug|x64.Build.0 = Debug|Any CPU
		{20141746-F379-41E1-A637-17FB7ED62D05}.Debug|x86.ActiveCfg = Debug|Any CPU
		{20141746-F379-41E1-A637-17FB7ED62D05}.Debug|x86.Build.0 = Debug|Any CPU
		{20141746-F379-41E1-A637-17FB7ED62D05}.Release|Any CPU.ActiveCfg = Release|Any CPU
		{20141746-F379-41E1-A637-17FB7ED62D05}.Release|Any CPU.Build.0 = Release|Any CPU
		{20141746-F379-41E1-A637-17FB7ED62D05}.Release|x64.ActiveCfg = Release|Any CPU
		{20141746-F379-41E1-A637-17FB7ED62D05}.Release|x64.Build.0 = Release|Any CPU
		{20141746-F379-41E1-A637-17FB7ED62D05}.Release|x86.ActiveCfg = Release|Any CPU
		{20141746-F379-41E1-A637-17FB7ED62D05}.Release|x86.Build.0 = Release|Any CPU
		{8C6552EA-A6D5-4F70-8944-993858B8B3EA}.Debug|Any CPU.ActiveCfg = Debug|Any CPU
		{8C6552EA-A6D5-4F70-8944-993858B8B3EA}.Debug|Any CPU.Build.0 = Debug|Any CPU
		{8C6552EA-A6D5-4F70-8944-993858B8B3EA}.Debug|x64.ActiveCfg = Debug|Any CPU
		{8C6552EA-A6D5-4F70-8944-993858B8B3EA}.Debug|x64.Build.0 = Debug|Any CPU
		{8C6552EA-A6D5-4F70-8944-993858B8B3EA}.Debug|x86.ActiveCfg = Debug|Any CPU
		{8C6552EA-A6D5-4F70-8944-993858B8B3EA}.Debug|x86.Build.0 = Debug|Any CPU
		{8C6552EA-A6D5-4F70-8944-993858B8B3EA}.Release|Any CPU.ActiveCfg = Release|Any CPU
		{8C6552EA-A6D5-4F70-8944-993858B8B3EA}.Release|Any CPU.Build.0 = Release|Any CPU
		{8C6552EA-A6D5-4F70-8944-993858B8B3EA}.Release|x64.ActiveCfg = Release|Any CPU
		{8C6552EA-A6D5-4F70-8944-993858B8B3EA}.Release|x64.Build.0 = Release|Any CPU
		{8C6552EA-A6D5-4F70-8944-993858B8B3EA}.Release|x86.ActiveCfg = Release|Any CPU
		{8C6552EA-A6D5-4F70-8944-993858B8B3EA}.Release|x86.Build.0 = Release|Any CPU
		{34B5461E-1CFC-4A3E-902B-8C274F6854B6}.Debug|Any CPU.ActiveCfg = Debug|Any CPU
		{34B5461E-1CFC-4A3E-902B-8C274F6854B6}.Debug|Any CPU.Build.0 = Debug|Any CPU
		{34B5461E-1CFC-4A3E-902B-8C274F6854B6}.Debug|x64.ActiveCfg = Debug|Any CPU
		{34B5461E-1CFC-4A3E-902B-8C274F6854B6}.Debug|x64.Build.0 = Debug|Any CPU
		{34B5461E-1CFC-4A3E-902B-8C274F6854B6}.Debug|x86.ActiveCfg = Debug|Any CPU
		{34B5461E-1CFC-4A3E-902B-8C274F6854B6}.Debug|x86.Build.0 = Debug|Any CPU
		{34B5461E-1CFC-4A3E-902B-8C274F6854B6}.Release|Any CPU.ActiveCfg = Release|Any CPU
		{34B5461E-1CFC-4A3E-902B-8C274F6854B6}.Release|Any CPU.Build.0 = Release|Any CPU
		{34B5461E-1CFC-4A3E-902B-8C274F6854B6}.Release|x64.ActiveCfg = Release|Any CPU
		{34B5461E-1CFC-4A3E-902B-8C274F6854B6}.Release|x64.Build.0 = Release|Any CPU
		{34B5461E-1CFC-4A3E-902B-8C274F6854B6}.Release|x86.ActiveCfg = Release|Any CPU
		{34B5461E-1CFC-4A3E-902B-8C274F6854B6}.Release|x86.Build.0 = Release|Any CPU
		{58DF0726-8347-4644-BD46-574EEA22A5DA}.Debug|Any CPU.ActiveCfg = Debug|Any CPU
		{58DF0726-8347-4644-BD46-574EEA22A5DA}.Debug|Any CPU.Build.0 = Debug|Any CPU
		{58DF0726-8347-4644-BD46-574EEA22A5DA}.Debug|x64.ActiveCfg = Debug|Any CPU
		{58DF0726-8347-4644-BD46-574EEA22A5DA}.Debug|x64.Build.0 = Debug|Any CPU
		{58DF0726-8347-4644-BD46-574EEA22A5DA}.Debug|x86.ActiveCfg = Debug|Any CPU
		{58DF0726-8347-4644-BD46-574EEA22A5DA}.Debug|x86.Build.0 = Debug|Any CPU
		{58DF0726-8347-4644-BD46-574EEA22A5DA}.Release|Any CPU.ActiveCfg = Release|Any CPU
		{58DF0726-8347-4644-BD46-574EEA22A5DA}.Release|Any CPU.Build.0 = Release|Any CPU
		{58DF0726-8347-4644-BD46-574EEA22A5DA}.Release|x64.ActiveCfg = Release|Any CPU
		{58DF0726-8347-4644-BD46-574EEA22A5DA}.Release|x64.Build.0 = Release|Any CPU
		{58DF0726-8347-4644-BD46-574EEA22A5DA}.Release|x86.ActiveCfg = Release|Any CPU
		{58DF0726-8347-4644-BD46-574EEA22A5DA}.Release|x86.Build.0 = Release|Any CPU
		{8B74CCCB-1882-40B7-8B79-7A14F9324018}.Debug|Any CPU.ActiveCfg = Debug|Any CPU
		{8B74CCCB-1882-40B7-8B79-7A14F9324018}.Debug|Any CPU.Build.0 = Debug|Any CPU
		{8B74CCCB-1882-40B7-8B79-7A14F9324018}.Debug|x64.ActiveCfg = Debug|Any CPU
		{8B74CCCB-1882-40B7-8B79-7A14F9324018}.Debug|x64.Build.0 = Debug|Any CPU
		{8B74CCCB-1882-40B7-8B79-7A14F9324018}.Debug|x86.ActiveCfg = Debug|Any CPU
		{8B74CCCB-1882-40B7-8B79-7A14F9324018}.Debug|x86.Build.0 = Debug|Any CPU
		{8B74CCCB-1882-40B7-8B79-7A14F9324018}.Release|Any CPU.ActiveCfg = Release|Any CPU
		{8B74CCCB-1882-40B7-8B79-7A14F9324018}.Release|Any CPU.Build.0 = Release|Any CPU
		{8B74CCCB-1882-40B7-8B79-7A14F9324018}.Release|x64.ActiveCfg = Release|Any CPU
		{8B74CCCB-1882-40B7-8B79-7A14F9324018}.Release|x64.Build.0 = Release|Any CPU
		{8B74CCCB-1882-40B7-8B79-7A14F9324018}.Release|x86.ActiveCfg = Release|Any CPU
		{8B74CCCB-1882-40B7-8B79-7A14F9324018}.Release|x86.Build.0 = Release|Any CPU
		{C1B83D97-7DFD-416E-A567-15DFFED037DD}.Debug|Any CPU.ActiveCfg = Debug|Any CPU
		{C1B83D97-7DFD-416E-A567-15DFFED037DD}.Debug|Any CPU.Build.0 = Debug|Any CPU
		{C1B83D97-7DFD-416E-A567-15DFFED037DD}.Debug|x64.ActiveCfg = Debug|Any CPU
		{C1B83D97-7DFD-416E-A567-15DFFED037DD}.Debug|x64.Build.0 = Debug|Any CPU
		{C1B83D97-7DFD-416E-A567-15DFFED037DD}.Debug|x86.ActiveCfg = Debug|Any CPU
		{C1B83D97-7DFD-416E-A567-15DFFED037DD}.Debug|x86.Build.0 = Debug|Any CPU
		{C1B83D97-7DFD-416E-A567-15DFFED037DD}.Release|Any CPU.ActiveCfg = Release|Any CPU
		{C1B83D97-7DFD-416E-A567-15DFFED037DD}.Release|Any CPU.Build.0 = Release|Any CPU
		{C1B83D97-7DFD-416E-A567-15DFFED037DD}.Release|x64.ActiveCfg = Release|Any CPU
		{C1B83D97-7DFD-416E-A567-15DFFED037DD}.Release|x64.Build.0 = Release|Any CPU
		{C1B83D97-7DFD-416E-A567-15DFFED037DD}.Release|x86.ActiveCfg = Release|Any CPU
		{C1B83D97-7DFD-416E-A567-15DFFED037DD}.Release|x86.Build.0 = Release|Any CPU
		{BD6F21DC-A3BD-43D7-8385-6EE0C51C49AB}.Debug|Any CPU.ActiveCfg = Debug|Any CPU
		{BD6F21DC-A3BD-43D7-8385-6EE0C51C49AB}.Debug|Any CPU.Build.0 = Debug|Any CPU
		{BD6F21DC-A3BD-43D7-8385-6EE0C51C49AB}.Debug|x64.ActiveCfg = Debug|Any CPU
		{BD6F21DC-A3BD-43D7-8385-6EE0C51C49AB}.Debug|x64.Build.0 = Debug|Any CPU
		{BD6F21DC-A3BD-43D7-8385-6EE0C51C49AB}.Debug|x86.ActiveCfg = Debug|Any CPU
		{BD6F21DC-A3BD-43D7-8385-6EE0C51C49AB}.Debug|x86.Build.0 = Debug|Any CPU
		{BD6F21DC-A3BD-43D7-8385-6EE0C51C49AB}.Release|Any CPU.ActiveCfg = Release|Any CPU
		{BD6F21DC-A3BD-43D7-8385-6EE0C51C49AB}.Release|Any CPU.Build.0 = Release|Any CPU
		{BD6F21DC-A3BD-43D7-8385-6EE0C51C49AB}.Release|x64.ActiveCfg = Release|Any CPU
		{BD6F21DC-A3BD-43D7-8385-6EE0C51C49AB}.Release|x64.Build.0 = Release|Any CPU
		{BD6F21DC-A3BD-43D7-8385-6EE0C51C49AB}.Release|x86.ActiveCfg = Release|Any CPU
		{BD6F21DC-A3BD-43D7-8385-6EE0C51C49AB}.Release|x86.Build.0 = Release|Any CPU
		{9DDA5242-57ED-446D-9708-F19600333620}.Debug|Any CPU.ActiveCfg = Debug|Any CPU
		{9DDA5242-57ED-446D-9708-F19600333620}.Debug|Any CPU.Build.0 = Debug|Any CPU
		{9DDA5242-57ED-446D-9708-F19600333620}.Debug|x64.ActiveCfg = Debug|Any CPU
		{9DDA5242-57ED-446D-9708-F19600333620}.Debug|x64.Build.0 = Debug|Any CPU
		{9DDA5242-57ED-446D-9708-F19600333620}.Debug|x86.ActiveCfg = Debug|Any CPU
		{9DDA5242-57ED-446D-9708-F19600333620}.Debug|x86.Build.0 = Debug|Any CPU
		{9DDA5242-57ED-446D-9708-F19600333620}.Release|Any CPU.ActiveCfg = Release|Any CPU
		{9DDA5242-57ED-446D-9708-F19600333620}.Release|Any CPU.Build.0 = Release|Any CPU
		{9DDA5242-57ED-446D-9708-F19600333620}.Release|x64.ActiveCfg = Release|Any CPU
		{9DDA5242-57ED-446D-9708-F19600333620}.Release|x64.Build.0 = Release|Any CPU
		{9DDA5242-57ED-446D-9708-F19600333620}.Release|x86.ActiveCfg = Release|Any CPU
		{9DDA5242-57ED-446D-9708-F19600333620}.Release|x86.Build.0 = Release|Any CPU
		{5121488C-C6F1-42B0-A328-D6006A9DADE4}.Debug|Any CPU.ActiveCfg = Debug|Any CPU
		{5121488C-C6F1-42B0-A328-D6006A9DADE4}.Debug|Any CPU.Build.0 = Debug|Any CPU
		{5121488C-C6F1-42B0-A328-D6006A9DADE4}.Debug|x64.ActiveCfg = Debug|Any CPU
		{5121488C-C6F1-42B0-A328-D6006A9DADE4}.Debug|x64.Build.0 = Debug|Any CPU
		{5121488C-C6F1-42B0-A328-D6006A9DADE4}.Debug|x86.ActiveCfg = Debug|Any CPU
		{5121488C-C6F1-42B0-A328-D6006A9DADE4}.Debug|x86.Build.0 = Debug|Any CPU
		{5121488C-C6F1-42B0-A328-D6006A9DADE4}.Release|Any CPU.ActiveCfg = Release|Any CPU
		{5121488C-C6F1-42B0-A328-D6006A9DADE4}.Release|Any CPU.Build.0 = Release|Any CPU
		{5121488C-C6F1-42B0-A328-D6006A9DADE4}.Release|x64.ActiveCfg = Release|Any CPU
		{5121488C-C6F1-42B0-A328-D6006A9DADE4}.Release|x64.Build.0 = Release|Any CPU
		{5121488C-C6F1-42B0-A328-D6006A9DADE4}.Release|x86.ActiveCfg = Release|Any CPU
		{5121488C-C6F1-42B0-A328-D6006A9DADE4}.Release|x86.Build.0 = Release|Any CPU
		{6F754B6A-66B3-4212-B5D0-3F2231EB0548}.Debug|Any CPU.ActiveCfg = Debug|Any CPU
		{6F754B6A-66B3-4212-B5D0-3F2231EB0548}.Debug|Any CPU.Build.0 = Debug|Any CPU
		{6F754B6A-66B3-4212-B5D0-3F2231EB0548}.Debug|x64.ActiveCfg = Debug|Any CPU
		{6F754B6A-66B3-4212-B5D0-3F2231EB0548}.Debug|x64.Build.0 = Debug|Any CPU
		{6F754B6A-66B3-4212-B5D0-3F2231EB0548}.Debug|x86.ActiveCfg = Debug|Any CPU
		{6F754B6A-66B3-4212-B5D0-3F2231EB0548}.Debug|x86.Build.0 = Debug|Any CPU
		{6F754B6A-66B3-4212-B5D0-3F2231EB0548}.Release|Any CPU.ActiveCfg = Release|Any CPU
		{6F754B6A-66B3-4212-B5D0-3F2231EB0548}.Release|Any CPU.Build.0 = Release|Any CPU
		{6F754B6A-66B3-4212-B5D0-3F2231EB0548}.Release|x64.ActiveCfg = Release|Any CPU
		{6F754B6A-66B3-4212-B5D0-3F2231EB0548}.Release|x64.Build.0 = Release|Any CPU
		{6F754B6A-66B3-4212-B5D0-3F2231EB0548}.Release|x86.ActiveCfg = Release|Any CPU
		{6F754B6A-66B3-4212-B5D0-3F2231EB0548}.Release|x86.Build.0 = Release|Any CPU
	EndGlobalSection
	GlobalSection(SolutionProperties) = preSolution
		HideSolutionNode = FALSE
	EndGlobalSection
	GlobalSection(NestedProjects) = preSolution
		{20141746-F379-41E1-A637-17FB7ED62D05} = {0AB3BF05-4346-4AA6-1389-037BE0695223}
		{8C6552EA-A6D5-4F70-8944-993858B8B3EA} = {827E0CD3-B72D-47B6-A68D-7590B98EB39B}
		{E39421DA-44C2-13E5-7DDD-32063DD082F8} = {20543853-AF10-B830-2A3D-9FE9F6ECBF6C}
		{34B5461E-1CFC-4A3E-902B-8C274F6854B6} = {E39421DA-44C2-13E5-7DDD-32063DD082F8}
		{58DF0726-8347-4644-BD46-574EEA22A5DA} = {827E0CD3-B72D-47B6-A68D-7590B98EB39B}
		{8B74CCCB-1882-40B7-8B79-7A14F9324018} = {827E0CD3-B72D-47B6-A68D-7590B98EB39B}
		{7BA52CC6-9A48-1F0F-BF45-FCB96838B203} = {20543853-AF10-B830-2A3D-9FE9F6ECBF6C}
		{C1B83D97-7DFD-416E-A567-15DFFED037DD} = {7BA52CC6-9A48-1F0F-BF45-FCB96838B203}
		{BD6F21DC-A3BD-43D7-8385-6EE0C51C49AB} = {827E0CD3-B72D-47B6-A68D-7590B98EB39B}
		{9DDA5242-57ED-446D-9708-F19600333620} = {827E0CD3-B72D-47B6-A68D-7590B98EB39B}
		{5121488C-C6F1-42B0-A328-D6006A9DADE4} = {827E0CD3-B72D-47B6-A68D-7590B98EB39B}
		{6F754B6A-66B3-4212-B5D0-3F2231EB0548} = {20543853-AF10-B830-2A3D-9FE9F6ECBF6C}
	EndGlobalSection
	GlobalSection(ExtensibilityGlobals) = postSolution
		SolutionGuid = {E9C54151-041B-4560-9452-DFA4E85AA6E6}
	EndGlobalSection
EndGlobal
