
Microsoft Visual Studio Solution File, Format Version 12.00
# Visual Studio Version 17
VisualStudioVersion = 17.5.2.0
MinimumVisualStudioVersion = 10.0.40219.1
Project("{FAE04EC0-301F-11D3-BF4B-00C04F79EFBC}") = "StockTrader", "StockTrader.csproj", "{50F69B5D-B79F-7FBA-10BC-94CA82A81211}"
EndProject
Project("{2150E333-8FDC-42A3-9474-1A3956D46DE8}") = "tests", "tests", "{0AB3BF05-4346-4AA6-1389-037BE0695223}"
EndProject
Project("{FAE04EC0-301F-11D3-BF4B-00C04F79EFBC}") = "StockTrader.Tests", "tests\StockTrader.Tests\StockTrader.Tests.csproj", "{20141746-F379-41E1-A637-17FB7ED62D05}"
EndProject
Project("{2150E333-8FDC-42A3-9474-1A3956D46DE8}") = "src", "src", "{827E0CD3-B72D-47B6-A68D-7590B98EB39B}"
EndProject
Project("{FAE04EC0-301F-11D3-BF4B-00C04F79EFBC}") = "StockTrader.ServiceContracts", "src\StockTrader.ServiceContracts\StockTrader.ServiceContracts.csproj", "{8C6552EA-A6D5-4F70-8944-993858B8B3EA}"
EndProject
Project("{FAE04EC0-301F-11D3-BF4B-00C04F79EFBC}") = "StockTrader.TradingCore.AcceptanceFixtures", "src\StockTrader.TradingCore.AcceptanceFixtures\StockTrader.TradingCore.AcceptanceFixtures.csproj", "{BA4F22A8-2F25-4D27-9A8E-77C17AD7B5E2}"
EndProject
Project("{2150E333-8FDC-42A3-9474-1A3956D46DE8}") = "workers", "workers", "{20543853-AF10-B830-2A3D-9FE9F6ECBF6C}"
EndProject
Project("{2150E333-8FDC-42A3-9474-1A3956D46DE8}") = "optimization-worker", "optimization-worker", "{E39421DA-44C2-13E5-7DDD-32063DD082F8}"
EndProject
Project("{F2A71F9B-5D33-465A-A702-920D77279786}") = "StockTrader.OptimizationWorker", "workers\optimization-worker\StockTrader.OptimizationWorker.fsproj", "{34B5461E-1CFC-4A3E-902B-8C274F6854B6}"
EndProject
Project("{FAE04EC0-301F-11D3-BF4B-00C04F79EFBC}") = "StockTrader.Engine", "src\StockTrader.Engine\StockTrader.Engine.csproj", "{58DF0726-8347-4644-BD46-574EEA22A5DA}"
EndProject
Project("{FAE04EC0-301F-11D3-BF4B-00C04F79EFBC}") = "StockTrader.OptimizationProtocol", "src\StockTrader.OptimizationProtocol\StockTrader.OptimizationProtocol.csproj", "{8B74CCCB-1882-40B7-8B79-7A14F9324018}"
EndProject
Project("{2150E333-8FDC-42A3-9474-1A3956D46DE8}") = "trading-core-service", "trading-core-service", "{7BA52CC6-9A48-1F0F-BF45-FCB96838B203}"
EndProject
Project("{F2A71F9B-5D33-465A-A702-920D77279786}") = "StockTrader.TradingCoreService", "workers\trading-core-service\StockTrader.TradingCoreService.fsproj", "{C1B83D97-7DFD-416E-A567-15DFFED037DD}"
EndProject
Project("{FAE04EC0-301F-11D3-BF4B-00C04F79EFBC}") = "StockTrader.TradingCore", "src\StockTrader.TradingCore\StockTrader.TradingCore.csproj", "{BD6F21DC-A3BD-43D7-8385-6EE0C51C49AB}"
EndProject
Project("{FAE04EC0-301F-11D3-BF4B-00C04F79EFBC}") = "StockTrader.TradingCore.BrokerPorts", "src\StockTrader.TradingCore.BrokerPorts\StockTrader.TradingCore.BrokerPorts.csproj", "{9DDA5242-57ED-446D-9708-F19600333620}"
EndProject
Project("{FAE04EC0-301F-11D3-BF4B-00C04F79EFBC}") = "StockTrader.TradingCore.AlpacaAdapter", "src\StockTrader.TradingCore.AlpacaAdapter\StockTrader.TradingCore.AlpacaAdapter.csproj", "{5121488C-C6F1-42B0-A328-D6006A9DADE4}"
EndProject
Project("{F2A71F9B-5D33-465A-A702-920D77279786}") = "StockTrader.TradingCore.Runtime", "workers\trading-core-runtime\StockTrader.TradingCore.Runtime.fsproj", "{6F754B6A-66B3-4212-B5D0-3F2231EB0548}"
EndProject
Project("{2150E333-8FDC-42A3-9474-1A3956D46DE8}") = "trading-core-acceptance-host", "trading-core-acceptance-host", "{D7E22C3C-9E88-1915-B4B0-A36DB4B86E9C}"
EndProject
Project("{F2A71F9B-5D33-465A-A702-920D77279786}") = "StockTrader.TradingCoreAcceptanceHost", "workers\trading-core-acceptance-host\StockTrader.TradingCoreAcceptanceHost.fsproj", "{C21A5A74-F0FE-4A2C-BD70-7B1230C352BC}"
EndProject
Project("{2150E333-8FDC-42A3-9474-1A3956D46DE8}") = "trading-core-broker-emulator", "trading-core-broker-emulator", "{56AECB8F-5129-FAE2-A0B1-02DA5B4C34BA}"
EndProject
Project("{F2A71F9B-5D33-465A-A702-920D77279786}") = "StockTrader.TradingCoreBrokerEmulator", "workers\trading-core-broker-emulator\StockTrader.TradingCoreBrokerEmulator.fsproj", "{9F239D77-A032-46D6-AF72-22EB0C12CA31}"
EndProject
Project("{2150E333-8FDC-42A3-9474-1A3956D46DE8}") = "trading-core-acceptance-driver", "trading-core-acceptance-driver", "{16AACB1F-8259-8D7A-89DB-C23F07B78F62}"
EndProject
Project("{F2A71F9B-5D33-465A-A702-920D77279786}") = "StockTrader.TradingCoreAcceptanceDriver", "workers\trading-core-acceptance-driver\StockTrader.TradingCoreAcceptanceDriver.fsproj", "{EABECB09-A2A2-4498-A7A9-06D631F6B26A}"
EndProject
Project("{2150E333-8FDC-42A3-9474-1A3956D46DE8}") = "trading-core-cutover-coordinator", "trading-core-cutover-coordinator", "{7BEBA5C0-5565-B412-6B4A-D1DE976D3882}"
EndProject
Project("{F2A71F9B-5D33-465A-A702-920D77279786}") = "StockTrader.TradingCoreCutoverCoordinator", "workers\trading-core-cutover-coordinator\StockTrader.TradingCoreCutoverCoordinator.fsproj", "{0A643122-F0D3-4CF8-8E23-658E4351DBC9}"
EndProject
Project("{FAE04EC0-301F-11D3-BF4B-00C04F79EFBC}") = "StockTrader.EdgeRollbackImporter", "src\StockTrader.EdgeRollbackImporter\StockTrader.EdgeRollbackImporter.csproj", "{A806AE31-39A0-4DEE-B08B-FD91597443CD}"
EndProject
Project("{2150E333-8FDC-42A3-9474-1A3956D46DE8}") = "trading-core-shadow-host", "trading-core-shadow-host", "{55BA1EBB-D72D-6D33-D333-77C7454170CA}"
EndProject
Project("{F2A71F9B-5D33-465A-A702-920D77279786}") = "StockTrader.TradingCoreShadowHost", "workers\trading-core-shadow-host\StockTrader.TradingCoreShadowHost.fsproj", "{9076BCA4-876C-4CEA-B3C2-C5F81C39A54B}"
EndProject
Project("{FAE04EC0-301F-11D3-BF4B-00C04F79EFBC}") = "StockTrader.TransitionPlanBuilder", "src\StockTrader.TransitionPlanBuilder\StockTrader.TransitionPlanBuilder.csproj", "{7BA7D336-44C2-435B-8A9C-4C341F4C400C}"
EndProject
Global
	GlobalSection(SolutionConfigurationPlatforms) = preSolution
		Debug|Any CPU = Debug|Any CPU
		Debug|x64 = Debug|x64
		Debug|x86 = Debug|x86
		Release|Any CPU = Release|Any CPU
		Release|x64 = Release|x64
		Release|x86 = Release|x86
	EndGlobalSection
	GlobalSection(ProjectConfigurationPlatforms) = postSolution
		{50F69B5D-B79F-7FBA-10BC-94CA82A81211}.Debug|Any CPU.ActiveCfg = Debug|Any CPU
		{50F69B5D-B79F-7FBA-10BC-94CA82A81211}.Debug|Any CPU.Build.0 = Debug|Any CPU
		{50F69B5D-B79F-7FBA-10BC-94CA82A81211}.Debug|x64.ActiveCfg = Debug|Any CPU
		{50F69B5D-B79F-7FBA-10BC-94CA82A81211}.Debug|x64.Build.0 = Debug|Any CPU
		{50F69B5D-B79F-7FBA-10BC-94CA82A81211}.Debug|x86.ActiveCfg = Debug|Any CPU
		{50F69B5D-B79F-7FBA-10BC-94CA82A81211}.Debug|x86.Build.0 = Debug|Any CPU
		{50F69B5D-B79F-7FBA-10BC-94CA82A81211}.Release|Any CPU.ActiveCfg = Release|Any CPU
		{50F69B5D-B79F-7FBA-10BC-94CA82A81211}.Release|Any CPU.Build.0 = Release|Any CPU
		{50F69B5D-B79F-7FBA-10BC-94CA82A81211}.Release|x64.ActiveCfg = Release|Any CPU
		{50F69B5D-B79F-7FBA-10BC-94CA82A81211}.Release|x64.Build.0 = Release|Any CPU
		{50F69B5D-B79F-7FBA-10BC-94CA82A81211}.Release|x86.ActiveCfg = Release|Any CPU
		{50F69B5D-B79F-7FBA-10BC-94CA82A81211}.Release|x86.Build.0 = Release|Any CPU
		{20141746-F379-41E1-A637-17FB7ED62D05}.Debug|Any CPU.ActiveCfg = Debug|Any CPU
		{20141746-F379-41E1-A637-17FB7ED62D05}.Debug|Any CPU.Build.0 = Debug|Any CPU
		{20141746-F379-41E1-A637-17FB7ED62D05}.Debug|x64.ActiveCfg = Debug|Any CPU
		{20141746-F379-41E1-A637-17FB7ED62D05}.Debug|x64.Build.0 = Debug|Any CPU
		{20141746-F379-41E1-A637-17FB7ED62D05}.Debug|x86.ActiveCfg = Debug|Any CPU
		{20141746-F379-41E1-A637-17FB7ED62D05}.Debug|x86.Build.0 = Debug|Any CPU
		{20141746-F379-41E1-A637-17FB7ED62D05}.Release|Any CPU.ActiveCfg = Release|Any CPU
		{20141746-F379-41E1-A637-17FB7ED62D05}.Release|Any CPU.Build.0 = Release|Any CPU
		{20141746-F379-41E1-A637-17FB7ED62D05}.Release|x64.ActiveCfg = Release|Any CPU
		{20141746-F379-41E1-A637-17FB7ED62D05}.Release|x64.Build.0 = Release|Any CPU
		{20141746-F379-41E1-A637-17FB7ED62D05}.Release|x86.ActiveCfg = Release|Any CPU
		{20141746-F379-41E1-A637-17FB7ED62D05}.Release|x86.Build.0 = Release|Any CPU
		{8C6552EA-A6D5-4F70-8944-993858B8B3EA}.Debug|Any CPU.ActiveCfg = Debug|Any CPU
		{8C6552EA-A6D5-4F70-8944-993858B8B3EA}.Debug|Any CPU.Build.0 = Debug|Any CPU
		{8C6552EA-A6D5-4F70-8944-993858B8B3EA}.Debug|x64.ActiveCfg = Debug|Any CPU
		{8C6552EA-A6D5-4F70-8944-993858B8B3EA}.Debug|x64.Build.0 = Debug|Any CPU
		{8C6552EA-A6D5-4F70-8944-993858B8B3EA}.Debug|x86.ActiveCfg = Debug|Any CPU
		{8C6552EA-A6D5-4F70-8944-993858B8B3EA}.Debug|x86.Build.0 = Debug|Any CPU
		{8C6552EA-A6D5-4F70-8944-993858B8B3EA}.Release|Any CPU.ActiveCfg = Release|Any CPU
		{8C6552EA-A6D5-4F70-8944-993858B8B3EA}.Release|Any CPU.Build.0 = Release|Any CPU
		{8C6552EA-A6D5-4F70-8944-993858B8B3EA}.Release|x64.ActiveCfg = Release|Any CPU
		{8C6552EA-A6D5-4F70-8944-993858B8B3EA}.Release|x64.Build.0 = Release|Any CPU
		{8C6552EA-A6D5-4F70-8944-993858B8B3EA}.Release|x86.ActiveCfg = Release|Any CPU
		{8C6552EA-A6D5-4F70-8944-993858B8B3EA}.Release|x86.Build.0 = Release|Any CPU
		{BA4F22A8-2F25-4D27-9A8E-77C17AD7B5E2}.Debug|Any CPU.ActiveCfg = Debug|Any CPU
		{BA4F22A8-2F25-4D27-9A8E-77C17AD7B5E2}.Debug|Any CPU.Build.0 = Debug|Any CPU
		{BA4F22A8-2F25-4D27-9A8E-77C17AD7B5E2}.Debug|x64.ActiveCfg = Debug|Any CPU
		{BA4F22A8-2F25-4D27-9A8E-77C17AD7B5E2}.Debug|x64.Build.0 = Debug|Any CPU
		{BA4F22A8-2F25-4D27-9A8E-77C17AD7B5E2}.Debug|x86.ActiveCfg = Debug|Any CPU
		{BA4F22A8-2F25-4D27-9A8E-77C17AD7B5E2}.Debug|x86.Build.0 = Debug|Any CPU
		{BA4F22A8-2F25-4D27-9A8E-77C17AD7B5E2}.Release|Any CPU.ActiveCfg = Release|Any CPU
		{BA4F22A8-2F25-4D27-9A8E-77C17AD7B5E2}.Release|Any CPU.Build.0 = Release|Any CPU
		{BA4F22A8-2F25-4D27-9A8E-77C17AD7B5E2}.Release|x64.ActiveCfg = Release|Any CPU
		{BA4F22A8-2F25-4D27-9A8E-77C17AD7B5E2}.Release|x64.Build.0 = Release|Any CPU
		{BA4F22A8-2F25-4D27-9A8E-77C17AD7B5E2}.Release|x86.ActiveCfg = Release|Any CPU
		{BA4F22A8-2F25-4D27-9A8E-77C17AD7B5E2}.Release|x86.Build.0 = Release|Any CPU
		{34B5461E-1CFC-4A3E-902B-8C274F6854B6}.Debug|Any CPU.ActiveCfg = Debug|Any CPU
		{34B5461E-1CFC-4A3E-902B-8C274F6854B6}.Debug|Any CPU.Build.0 = Debug|Any CPU
		{34B5461E-1CFC-4A3E-902B-8C274F6854B6}.Debug|x64.ActiveCfg = Debug|Any CPU
		{34B5461E-1CFC-4A3E-902B-8C274F6854B6}.Debug|x64.Build.0 = Debug|Any CPU
		{34B5461E-1CFC-4A3E-902B-8C274F6854B6}.Debug|x86.ActiveCfg = Debug|Any CPU
		{34B5461E-1CFC-4A3E-902B-8C274F6854B6}.Debug|x86.Build.0 = Debug|Any CPU
		{34B5461E-1CFC-4A3E-902B-8C274F6854B6}.Release|Any CPU.ActiveCfg = Release|Any CPU
		{34B5461E-1CFC-4A3E-902B-8C274F6854B6}.Release|Any CPU.Build.0 = Release|Any CPU
		{34B5461E-1CFC-4A3E-902B-8C274F6854B6}.Release|x64.ActiveCfg = Release|Any CPU
		{34B5461E-1CFC-4A3E-902B-8C274F6854B6}.Release|x64.Build.0 = Release|Any CPU
		{34B5461E-1CFC-4A3E-902B-8C274F6854B6}.Release|x86.ActiveCfg = Release|Any CPU
		{34B5461E-1CFC-4A3E-902B-8C274F6854B6}.Release|x86.Build.0 = Release|Any CPU
		{58DF0726-8347-4644-BD46-574EEA22A5DA}.Debug|Any CPU.ActiveCfg = Debug|Any CPU
		{58DF0726-8347-4644-BD46-574EEA22A5DA}.Debug|Any CPU.Build.0 = Debug|Any CPU
		{58DF0726-8347-4644-BD46-574EEA22A5DA}.Debug|x64.ActiveCfg = Debug|Any CPU
		{58DF0726-8347-4644-BD46-574EEA22A5DA}.Debug|x64.Build.0 = Debug|Any CPU
		{58DF0726-8347-4644-BD46-574EEA22A5DA}.Debug|x86.ActiveCfg = Debug|Any CPU
		{58DF0726-8347-4644-BD46-574EEA22A5DA}.Debug|x86.Build.0 = Debug|Any CPU
		{58DF0726-8347-4644-BD46-574EEA22A5DA}.Release|Any CPU.ActiveCfg = Release|Any CPU
		{58DF0726-8347-4644-BD46-574EEA22A5DA}.Release|Any CPU.Build.0 = Release|Any CPU
		{58DF0726-8347-4644-BD46-574EEA22A5DA}.Release|x64.ActiveCfg = Release|Any CPU
		{58DF0726-8347-4644-BD46-574EEA22A5DA}.Release|x64.Build.0 = Release|Any CPU
		{58DF0726-8347-4644-BD46-574EEA22A5DA}.Release|x86.ActiveCfg = Release|Any CPU
		{58DF0726-8347-4644-BD46-574EEA22A5DA}.Release|x86.Build.0 = Release|Any CPU
		{8B74CCCB-1882-40B7-8B79-7A14F9324018}.Debug|Any CPU.ActiveCfg = Debug|Any CPU
		{8B74CCCB-1882-40B7-8B79-7A14F9324018}.Debug|Any CPU.Build.0 = Debug|Any CPU
		{8B74CCCB-1882-40B7-8B79-7A14F9324018}.Debug|x64.ActiveCfg = Debug|Any CPU
		{8B74CCCB-1882-40B7-8B79-7A14F9324018}.Debug|x64.Build.0 = Debug|Any CPU
		{8B74CCCB-1882-40B7-8B79-7A14F9324018}.Debug|x86.ActiveCfg = Debug|Any CPU
		{8B74CCCB-1882-40B7-8B79-7A14F9324018}.Debug|x86.Build.0 = Debug|Any CPU
		{8B74CCCB-1882-40B7-8B79-7A14F9324018}.Release|Any CPU.ActiveCfg = Release|Any CPU
		{8B74CCCB-1882-40B7-8B79-7A14F9324018}.Release|Any CPU.Build.0 = Release|Any CPU
		{8B74CCCB-1882-40B7-8B79-7A14F9324018}.Release|x64.ActiveCfg = Release|Any CPU
		{8B74CCCB-1882-40B7-8B79-7A14F9324018}.Release|x64.Build.0 = Release|Any CPU
		{8B74CCCB-1882-40B7-8B79-7A14F9324018}.Release|x86.ActiveCfg = Release|Any CPU
		{8B74CCCB-1882-40B7-8B79-7A14F9324018}.Release|x86.Build.0 = Release|Any CPU
		{C1B83D97-7DFD-416E-A567-15DFFED037DD}.Debug|Any CPU.ActiveCfg = Debug|Any CPU
		{C1B83D97-7DFD-416E-A567-15DFFED037DD}.Debug|Any CPU.Build.0 = Debug|Any CPU
		{C1B83D97-7DFD-416E-A567-15DFFED037DD}.Debug|x64.ActiveCfg = Debug|Any CPU
		{C1B83D97-7DFD-416E-A567-15DFFED037DD}.Debug|x64.Build.0 = Debug|Any CPU
		{C1B83D97-7DFD-416E-A567-15DFFED037DD}.Debug|x86.ActiveCfg = Debug|Any CPU
		{C1B83D97-7DFD-416E-A567-15DFFED037DD}.Debug|x86.Build.0 = Debug|Any CPU
		{C1B83D97-7DFD-416E-A567-15DFFED037DD}.Release|Any CPU.ActiveCfg = Release|Any CPU
		{C1B83D97-7DFD-416E-A567-15DFFED037DD}.Release|Any CPU.Build.0 = Release|Any CPU
		{C1B83D97-7DFD-416E-A567-15DFFED037DD}.Release|x64.ActiveCfg = Release|Any CPU
		{C1B83D97-7DFD-416E-A567-15DFFED037DD}.Release|x64.Build.0 = Release|Any CPU
		{C1B83D97-7DFD-416E-A567-15DFFED037DD}.Release|x86.ActiveCfg = Release|Any CPU
		{C1B83D97-7DFD-416E-A567-15DFFED037DD}.Release|x86.Build.0 = Release|Any CPU
		{BD6F21DC-A3BD-43D7-8385-6EE0C51C49AB}.Debug|Any CPU.ActiveCfg = Debug|Any CPU
		{BD6F21DC-A3BD-43D7-8385-6EE0C51C49AB}.Debug|Any CPU.Build.0 = Debug|Any CPU
		{BD6F21DC-A3BD-43D7-8385-6EE0C51C49AB}.Debug|x64.ActiveCfg = Debug|Any CPU
		{BD6F21DC-A3BD-43D7-8385-6EE0C51C49AB}.Debug|x64.Build.0 = Debug|Any CPU
		{BD6F21DC-A3BD-43D7-8385-6EE0C51C49AB}.Debug|x86.ActiveCfg = Debug|Any CPU
		{BD6F21DC-A3BD-43D7-8385-6EE0C51C49AB}.Debug|x86.Build.0 = Debug|Any CPU
		{BD6F21DC-A3BD-43D7-8385-6EE0C51C49AB}.Release|Any CPU.ActiveCfg = Release|Any CPU
		{BD6F21DC-A3BD-43D7-8385-6EE0C51C49AB}.Release|Any CPU.Build.0 = Release|Any CPU
		{BD6F21DC-A3BD-43D7-8385-6EE0C51C49AB}.Release|x64.ActiveCfg = Release|Any CPU
		{BD6F21DC-A3BD-43D7-8385-6EE0C51C49AB}.Release|x64.Build.0 = Release|Any CPU
		{BD6F21DC-A3BD-43D7-8385-6EE0C51C49AB}.Release|x86.ActiveCfg = Release|Any CPU
		{BD6F21DC-A3BD-43D7-8385-6EE0C51C49AB}.Release|x86.Build.0 = Release|Any CPU
		{9DDA5242-57ED-446D-9708-F19600333620}.Debug|Any CPU.ActiveCfg = Debug|Any CPU
		{9DDA5242-57ED-446D-9708-F19600333620}.Debug|Any CPU.Build.0 = Debug|Any CPU
		{9DDA5242-57ED-446D-9708-F19600333620}.Debug|x64.ActiveCfg = Debug|Any CPU
		{9DDA5242-57ED-446D-9708-F19600333620}.Debug|x64.Build.0 = Debug|Any CPU
		{9DDA5242-57ED-446D-9708-F19600333620}.Debug|x86.ActiveCfg = Debug|Any CPU
		{9DDA5242-57ED-446D-9708-F19600333620}.Debug|x86.Build.0 = Debug|Any CPU
		{9DDA5242-57ED-446D-9708-F19600333620}.Release|Any CPU.ActiveCfg = Release|Any CPU
		{9DDA5242-57ED-446D-9708-F19600333620}.Release|Any CPU.Build.0 = Release|Any CPU
		{9DDA5242-57ED-446D-9708-F19600333620}.Release|x64.ActiveCfg = Release|Any CPU
		{9DDA5242-57ED-446D-9708-F19600333620}.Release|x64.Build.0 = Release|Any CPU
		{9DDA5242-57ED-446D-9708-F19600333620}.Release|x86.ActiveCfg = Release|Any CPU
		{9DDA5242-57ED-446D-9708-F19600333620}.Release|x86.Build.0 = Release|Any CPU
		{5121488C-C6F1-42B0-A328-D6006A9DADE4}.Debug|Any CPU.ActiveCfg = Debug|Any CPU
		{5121488C-C6F1-42B0-A328-D6006A9DADE4}.Debug|Any CPU.Build.0 = Debug|Any CPU
		{5121488C-C6F1-42B0-A328-D6006A9DADE4}.Debug|x64.ActiveCfg = Debug|Any CPU
		{5121488C-C6F1-42B0-A328-D6006A9DADE4}.Debug|x64.Build.0 = Debug|Any CPU
		{5121488C-C6F1-42B0-A328-D6006A9DADE4}.Debug|x86.ActiveCfg = Debug|Any CPU
		{5121488C-C6F1-42B0-A328-D6006A9DADE4}.Debug|x86.Build.0 = Debug|Any CPU
		{5121488C-C6F1-42B0-A328-D6006A9DADE4}.Release|Any CPU.ActiveCfg = Release|Any CPU
		{5121488C-C6F1-42B0-A328-D6006A9DADE4}.Release|Any CPU.Build.0 = Release|Any CPU
		{5121488C-C6F1-42B0-A328-D6006A9DADE4}.Release|x64.ActiveCfg = Release|Any CPU
		{5121488C-C6F1-42B0-A328-D6006A9DADE4}.Release|x64.Build.0 = Release|Any CPU
		{5121488C-C6F1-42B0-A328-D6006A9DADE4}.Release|x86.ActiveCfg = Release|Any CPU
		{5121488C-C6F1-42B0-A328-D6006A9DADE4}.Release|x86.Build.0 = Release|Any CPU
		{6F754B6A-66B3-4212-B5D0-3F2231EB0548}.Debug|Any CPU.ActiveCfg = Debug|Any CPU
		{6F754B6A-66B3-4212-B5D0-3F2231EB0548}.Debug|Any CPU.Build.0 = Debug|Any CPU
		{6F754B6A-66B3-4212-B5D0-3F2231EB0548}.Debug|x64.ActiveCfg = Debug|Any CPU
		{6F754B6A-66B3-4212-B5D0-3F2231EB0548}.Debug|x64.Build.0 = Debug|Any CPU
		{6F754B6A-66B3-4212-B5D0-3F2231EB0548}.Debug|x86.ActiveCfg = Debug|Any CPU
		{6F754B6A-66B3-4212-B5D0-3F2231EB0548}.Debug|x86.Build.0 = Debug|Any CPU
		{6F754B6A-66B3-4212-B5D0-3F2231EB0548}.Release|Any CPU.ActiveCfg = Release|Any CPU
		{6F754B6A-66B3-4212-B5D0-3F2231EB0548}.Release|Any CPU.Build.0 = Release|Any CPU
		{6F754B6A-66B3-4212-B5D0-3F2231EB0548}.Release|x64.ActiveCfg = Release|Any CPU
		{6F754B6A-66B3-4212-B5D0-3F2231EB0548}.Release|x64.Build.0 = Release|Any CPU
		{6F754B6A-66B3-4212-B5D0-3F2231EB0548}.Release|x86.ActiveCfg = Release|Any CPU
		{6F754B6A-66B3-4212-B5D0-3F2231EB0548}.Release|x86.Build.0 = Release|Any CPU
		{C21A5A74-F0FE-4A2C-BD70-7B1230C352BC}.Debug|Any CPU.ActiveCfg = Debug|Any CPU
		{C21A5A74-F0FE-4A2C-BD70-7B1230C352BC}.Debug|Any CPU.Build.0 = Debug|Any CPU
		{C21A5A74-F0FE-4A2C-BD70-7B1230C352BC}.Debug|x64.ActiveCfg = Debug|Any CPU
		{C21A5A74-F0FE-4A2C-BD70-7B1230C352BC}.Debug|x64.Build.0 = Debug|Any CPU
		{C21A5A74-F0FE-4A2C-BD70-7B1230C352BC}.Debug|x86.ActiveCfg = Debug|Any CPU
		{C21A5A74-F0FE-4A2C-BD70-7B1230C352BC}.Debug|x86.Build.0 = Debug|Any CPU
		{C21A5A74-F0FE-4A2C-BD70-7B1230C352BC}.Release|Any CPU.ActiveCfg = Release|Any CPU
		{C21A5A74-F0FE-4A2C-BD70-7B1230C352BC}.Release|Any CPU.Build.0 = Release|Any CPU
		{C21A5A74-F0FE-4A2C-BD70-7B1230C352BC}.Release|x64.ActiveCfg = Release|Any CPU
		{C21A5A74-F0FE-4A2C-BD70-7B1230C352BC}.Release|x64.Build.0 = Release|Any CPU
		{C21A5A74-F0FE-4A2C-BD70-7B1230C352BC}.Release|x86.ActiveCfg = Release|Any CPU
		{C21A5A74-F0FE-4A2C-BD70-7B1230C352BC}.Release|x86.Build.0 = Release|Any CPU
		{9F239D77-A032-46D6-AF72-22EB0C12CA31}.Debug|Any CPU.ActiveCfg = Debug|Any CPU
		{9F239D77-A032-46D6-AF72-22EB0C12CA31}.Debug|Any CPU.Build.0 = Debug|Any CPU
		{9F239D77-A032-46D6-AF72-22EB0C12CA31}.Debug|x64.ActiveCfg = Debug|Any CPU
		{9F239D77-A032-46D6-AF72-22EB0C12CA31}.Debug|x64.Build.0 = Debug|Any CPU
		{9F239D77-A032-46D6-AF72-22EB0C12CA31}.Debug|x86.ActiveCfg = Debug|Any CPU
		{9F239D77-A032-46D6-AF72-22EB0C12CA31}.Debug|x86.Build.0 = Debug|Any CPU
		{9F239D77-A032-46D6-AF72-22EB0C12CA31}.Release|Any CPU.ActiveCfg = Release|Any CPU
		{9F239D77-A032-46D6-AF72-22EB0C12CA31}.Release|Any CPU.Build.0 = Release|Any CPU
		{9F239D77-A032-46D6-AF72-22EB0C12CA31}.Release|x64.ActiveCfg = Release|Any CPU
		{9F239D77-A032-46D6-AF72-22EB0C12CA31}.Release|x64.Build.0 = Release|Any CPU
		{9F239D77-A032-46D6-AF72-22EB0C12CA31}.Release|x86.ActiveCfg = Release|Any CPU
		{9F239D77-A032-46D6-AF72-22EB0C12CA31}.Release|x86.Build.0 = Release|Any CPU
		{EABECB09-A2A2-4498-A7A9-06D631F6B26A}.Debug|Any CPU.ActiveCfg = Debug|Any CPU
		{EABECB09-A2A2-4498-A7A9-06D631F6B26A}.Debug|Any CPU.Build.0 = Debug|Any CPU
		{EABECB09-A2A2-4498-A7A9-06D631F6B26A}.Debug|x64.ActiveCfg = Debug|Any CPU
		{EABECB09-A2A2-4498-A7A9-06D631F6B26A}.Debug|x64.Build.0 = Debug|Any CPU
		{EABECB09-A2A2-4498-A7A9-06D631F6B26A}.Debug|x86.ActiveCfg = Debug|Any CPU
		{EABECB09-A2A2-4498-A7A9-06D631F6B26A}.Debug|x86.Build.0 = Debug|Any CPU
		{EABECB09-A2A2-4498-A7A9-06D631F6B26A}.Release|Any CPU.ActiveCfg = Release|Any CPU
		{EABECB09-A2A2-4498-A7A9-06D631F6B26A}.Release|Any CPU.Build.0 = Release|Any CPU
		{EABECB09-A2A2-4498-A7A9-06D631F6B26A}.Release|x64.ActiveCfg = Release|Any CPU
		{EABECB09-A2A2-4498-A7A9-06D631F6B26A}.Release|x64.Build.0 = Release|Any CPU
		{EABECB09-A2A2-4498-A7A9-06D631F6B26A}.Release|x86.ActiveCfg = Release|Any CPU
		{EABECB09-A2A2-4498-A7A9-06D631F6B26A}.Release|x86.Build.0 = Release|Any CPU
		{0A643122-F0D3-4CF8-8E23-658E4351DBC9}.Debug|Any CPU.ActiveCfg = Debug|Any CPU
		{0A643122-F0D3-4CF8-8E23-658E4351DBC9}.Debug|Any CPU.Build.0 = Debug|Any CPU
		{0A643122-F0D3-4CF8-8E23-658E4351DBC9}.Debug|x64.ActiveCfg = Debug|Any CPU
		{0A643122-F0D3-4CF8-8E23-658E4351DBC9}.Debug|x64.Build.0 = Debug|Any CPU
		{0A643122-F0D3-4CF8-8E23-658E4351DBC9}.Debug|x86.ActiveCfg = Debug|Any CPU
		{0A643122-F0D3-4CF8-8E23-658E4351DBC9}.Debug|x86.Build.0 = Debug|Any CPU
		{0A643122-F0D3-4CF8-8E23-658E4351DBC9}.Release|Any CPU.ActiveCfg = Release|Any CPU
		{0A643122-F0D3-4CF8-8E23-658E4351DBC9}.Release|Any CPU.Build.0 = Release|Any CPU
		{0A643122-F0D3-4CF8-8E23-658E4351DBC9}.Release|x64.ActiveCfg = Release|Any CPU
		{0A643122-F0D3-4CF8-8E23-658E4351DBC9}.Release|x64.Build.0 = Release|Any CPU
		{0A643122-F0D3-4CF8-8E23-658E4351DBC9}.Release|x86.ActiveCfg = Release|Any CPU
		{0A643122-F0D3-4CF8-8E23-658E4351DBC9}.Release|x86.Build.0 = Release|Any CPU
		{A806AE31-39A0-4DEE-B08B-FD91597443CD}.Debug|Any CPU.ActiveCfg = Debug|Any CPU
		{A806AE31-39A0-4DEE-B08B-FD91597443CD}.Debug|Any CPU.Build.0 = Debug|Any CPU
		{A806AE31-39A0-4DEE-B08B-FD91597443CD}.Debug|x64.ActiveCfg = Debug|Any CPU
		{A806AE31-39A0-4DEE-B08B-FD91597443CD}.Debug|x64.Build.0 = Debug|Any CPU
		{A806AE31-39A0-4DEE-B08B-FD91597443CD}.Debug|x86.ActiveCfg = Debug|Any CPU
		{A806AE31-39A0-4DEE-B08B-FD91597443CD}.Debug|x86.Build.0 = Debug|Any CPU
		{A806AE31-39A0-4DEE-B08B-FD91597443CD}.Release|Any CPU.ActiveCfg = Release|Any CPU
		{A806AE31-39A0-4DEE-B08B-FD91597443CD}.Release|Any CPU.Build.0 = Release|Any CPU
		{A806AE31-39A0-4DEE-B08B-FD91597443CD}.Release|x64.ActiveCfg = Release|Any CPU
		{A806AE31-39A0-4DEE-B08B-FD91597443CD}.Release|x64.Build.0 = Release|Any CPU
		{A806AE31-39A0-4DEE-B08B-FD91597443CD}.Release|x86.ActiveCfg = Release|Any CPU
		{A806AE31-39A0-4DEE-B08B-FD91597443CD}.Release|x86.Build.0 = Release|Any CPU
		{9076BCA4-876C-4CEA-B3C2-C5F81C39A54B}.Debug|Any CPU.ActiveCfg = Debug|Any CPU
		{9076BCA4-876C-4CEA-B3C2-C5F81C39A54B}.Debug|Any CPU.Build.0 = Debug|Any CPU
		{9076BCA4-876C-4CEA-B3C2-C5F81C39A54B}.Debug|x64.ActiveCfg = Debug|Any CPU
		{9076BCA4-876C-4CEA-B3C2-C5F81C39A54B}.Debug|x64.Build.0 = Debug|Any CPU
		{9076BCA4-876C-4CEA-B3C2-C5F81C39A54B}.Debug|x86.ActiveCfg = Debug|Any CPU
		{9076BCA4-876C-4CEA-B3C2-C5F81C39A54B}.Debug|x86.Build.0 = Debug|Any CPU
		{9076BCA4-876C-4CEA-B3C2-C5F81C39A54B}.Release|Any CPU.ActiveCfg = Release|Any CPU
		{9076BCA4-876C-4CEA-B3C2-C5F81C39A54B}.Release|Any CPU.Build.0 = Release|Any CPU
		{9076BCA4-876C-4CEA-B3C2-C5F81C39A54B}.Release|x64.ActiveCfg = Release|Any CPU
		{9076BCA4-876C-4CEA-B3C2-C5F81C39A54B}.Release|x64.Build.0 = Release|Any CPU
		{9076BCA4-876C-4CEA-B3C2-C5F81C39A54B}.Release|x86.ActiveCfg = Release|Any CPU
		{9076BCA4-876C-4CEA-B3C2-C5F81C39A54B}.Release|x86.Build.0 = Release|Any CPU
		{7BA7D336-44C2-435B-8A9C-4C341F4C400C}.Debug|Any CPU.ActiveCfg = Debug|Any CPU
		{7BA7D336-44C2-435B-8A9C-4C341F4C400C}.Debug|Any CPU.Build.0 = Debug|Any CPU
		{7BA7D336-44C2-435B-8A9C-4C341F4C400C}.Debug|x64.ActiveCfg = Debug|Any CPU
		{7BA7D336-44C2-435B-8A9C-4C341F4C400C}.Debug|x64.Build.0 = Debug|Any CPU
		{7BA7D336-44C2-435B-8A9C-4C341F4C400C}.Debug|x86.ActiveCfg = Debug|Any CPU
		{7BA7D336-44C2-435B-8A9C-4C341F4C400C}.Debug|x86.Build.0 = Debug|Any CPU
		{7BA7D336-44C2-435B-8A9C-4C341F4C400C}.Release|Any CPU.ActiveCfg = Release|Any CPU
		{7BA7D336-44C2-435B-8A9C-4C341F4C400C}.Release|Any CPU.Build.0 = Release|Any CPU
		{7BA7D336-44C2-435B-8A9C-4C341F4C400C}.Release|x64.ActiveCfg = Release|Any CPU
		{7BA7D336-44C2-435B-8A9C-4C341F4C400C}.Release|x64.Build.0 = Release|Any CPU
		{7BA7D336-44C2-435B-8A9C-4C341F4C400C}.Release|x86.ActiveCfg = Release|Any CPU
		{7BA7D336-44C2-435B-8A9C-4C341F4C400C}.Release|x86.Build.0 = Release|Any CPU
	EndGlobalSection
	GlobalSection(SolutionProperties) = preSolution
		HideSolutionNode = FALSE
	EndGlobalSection
	GlobalSection(NestedProjects) = preSolution
		{20141746-F379-41E1-A637-17FB7ED62D05} = {0AB3BF05-4346-4AA6-1389-037BE0695223}
		{8C6552EA-A6D5-4F70-8944-993858B8B3EA} = {827E0CD3-B72D-47B6-A68D-7590B98EB39B}
		{BA4F22A8-2F25-4D27-9A8E-77C17AD7B5E2} = {827E0CD3-B72D-47B6-A68D-7590B98EB39B}
		{E39421DA-44C2-13E5-7DDD-32063DD082F8} = {20543853-AF10-B830-2A3D-9FE9F6ECBF6C}
		{34B5461E-1CFC-4A3E-902B-8C274F6854B6} = {E39421DA-44C2-13E5-7DDD-32063DD082F8}
		{58DF0726-8347-4644-BD46-574EEA22A5DA} = {827E0CD3-B72D-47B6-A68D-7590B98EB39B}
		{8B74CCCB-1882-40B7-8B79-7A14F9324018} = {827E0CD3-B72D-47B6-A68D-7590B98EB39B}
		{7BA52CC6-9A48-1F0F-BF45-FCB96838B203} = {20543853-AF10-B830-2A3D-9FE9F6ECBF6C}
		{C1B83D97-7DFD-416E-A567-15DFFED037DD} = {7BA52CC6-9A48-1F0F-BF45-FCB96838B203}
		{BD6F21DC-A3BD-43D7-8385-6EE0C51C49AB} = {827E0CD3-B72D-47B6-A68D-7590B98EB39B}
		{9DDA5242-57ED-446D-9708-F19600333620} = {827E0CD3-B72D-47B6-A68D-7590B98EB39B}
		{5121488C-C6F1-42B0-A328-D6006A9DADE4} = {827E0CD3-B72D-47B6-A68D-7590B98EB39B}
		{6F754B6A-66B3-4212-B5D0-3F2231EB0548} = {20543853-AF10-B830-2A3D-9FE9F6ECBF6C}
		{D7E22C3C-9E88-1915-B4B0-A36DB4B86E9C} = {20543853-AF10-B830-2A3D-9FE9F6ECBF6C}
		{C21A5A74-F0FE-4A2C-BD70-7B1230C352BC} = {D7E22C3C-9E88-1915-B4B0-A36DB4B86E9C}
		{56AECB8F-5129-FAE2-A0B1-02DA5B4C34BA} = {20543853-AF10-B830-2A3D-9FE9F6ECBF6C}
		{9F239D77-A032-46D6-AF72-22EB0C12CA31} = {56AECB8F-5129-FAE2-A0B1-02DA5B4C34BA}
		{16AACB1F-8259-8D7A-89DB-C23F07B78F62} = {20543853-AF10-B830-2A3D-9FE9F6ECBF6C}
		{EABECB09-A2A2-4498-A7A9-06D631F6B26A} = {16AACB1F-8259-8D7A-89DB-C23F07B78F62}
		{7BEBA5C0-5565-B412-6B4A-D1DE976D3882} = {20543853-AF10-B830-2A3D-9FE9F6ECBF6C}
		{0A643122-F0D3-4CF8-8E23-658E4351DBC9} = {7BEBA5C0-5565-B412-6B4A-D1DE976D3882}
		{A806AE31-39A0-4DEE-B08B-FD91597443CD} = {827E0CD3-B72D-47B6-A68D-7590B98EB39B}
		{55BA1EBB-D72D-6D33-D333-77C7454170CA} = {20543853-AF10-B830-2A3D-9FE9F6ECBF6C}
		{9076BCA4-876C-4CEA-B3C2-C5F81C39A54B} = {55BA1EBB-D72D-6D33-D333-77C7454170CA}
		{7BA7D336-44C2-435B-8A9C-4C341F4C400C} = {827E0CD3-B72D-47B6-A68D-7590B98EB39B}
	EndGlobalSection
	GlobalSection(ExtensibilityGlobals) = postSolution
		SolutionGuid = {E9C54151-041B-4560-9452-DFA4E85AA6E6}
	EndGlobalSection
EndGlobal
